{
  "version": 4,
  "terraform_version": "1.11.2",
  "serial": 7,
  "lineage": "d5818741-359c-d30b-79b7-bcfb30137f0f",
  "outputs": {},
  "resources": [
    {
      "mode": "managed",
      "type": "minio_s3_bucket",
      "name": "dvcbucket",
      "provider": "provider[\"registry.terraform.io/aminueza/minio\"]",
      "instances": [
        {
          "schema_version": 0,
          "attributes": {
            "acl": "private",
            "arn": "arn:aws:s3:::dvc-local",
            "bucket": "dvc-local",
            "bucket_domain_name": "http://localhost:9000/minio/dvc-local",
            "bucket_prefix": null,
            "force_destroy": false,
            "id": "dvc-local",
            "quota": null
          },
          "sensitive_attributes": [],
          "private": "bnVsbA=="
        }
      ]
    }
  ],
  "check_results": null
}
